
Microsoft Visual Studio Solution File, Format Version 12.00
# Visual Studio 15
VisualStudioVersion = 15.0.26228.9
MinimumVisualStudioVersion = 10.0.40219.1
Project("{8BC9CEB8-8B4A-11D0-8D11-00A0C91BC942}") = "ConsoleApplication2", "ConsoleApplication2\ConsoleApplication2.vcxproj", "{D0ADCBEF-5308-4789-9CF0-A8EBC56809CF}"
EndProject
Project("{8BC9CEB8-8B4A-11D0-8D11-00A0C91BC942}") = "gemtradeDecode", "gemtradeDecode\gemtradeDecode.vcxproj", "{1AC8B574-D898-4E31-9908-CE5702B3B93E}"
EndProject
Project("{FAE04EC0-301F-11D3-BF4B-00C04F79EFBC}") = "gentradeDecodeGui", "gentradeDecodeGui\gentradeDecodeGui.csproj", "{2EB7A398-06FD-43DE-AD15-8E47E4001742}"
EndProject
Global
	GlobalSection(SolutionConfigurationPlatforms) = preSolution
		Debug|Any CPU = Debug|Any CPU
		Debug|x64 = Debug|x64
		Debug|x86 = Debug|x86
		Release|Any CPU = Release|Any CPU
		Release|x64 = Release|x64
		Release|x86 = Release|x86
	EndGlobalSection
	GlobalSection(ProjectConfigurationPlatforms) = postSolution
		{D0ADCBEF-5308-4789-9CF0-A8EBC56809CF}.Debug|Any CPU.ActiveCfg = Debug|Win32
		{D0ADCBEF-5308-4789-9CF0-A8EBC56809CF}.Debug|x64.ActiveCfg = Debug|x64
		{D0ADCBEF-5308-4789-9CF0-A8EBC56809CF}.Debug|x64.Build.0 = Debug|x64
		{D0ADCBEF-5308-4789-9CF0-A8EBC56809CF}.Debug|x86.ActiveCfg = Debug|Win32
		{D0ADCBEF-5308-4789-9CF0-A8EBC56809CF}.Debug|x86.Build.0 = Debug|Win32
		{D0ADCBEF-5308-4789-9CF0-A8EBC56809CF}.Release|Any CPU.ActiveCfg = Release|Win32
		{D0ADCBEF-5308-4789-9CF0-A8EBC56809CF}.Release|x64.ActiveCfg = Release|x64
		{D0ADCBEF-5308-4789-9CF0-A8EBC56809CF}.Release|x64.Build.0 = Release|x64
		{D0ADCBEF-5308-4789-9CF0-A8EBC56809CF}.Release|x86.ActiveCfg = Release|Win32
		{D0ADCBEF-5308-4789-9CF0-A8EBC56809CF}.Release|x86.Build.0 = Release|Win32
		{1AC8B574-D898-4E31-9908-CE5702B3B93E}.Debug|Any CPU.ActiveCfg = Debug|Win32
		{1AC8B574-D898-4E31-9908-CE5702B3B93E}.Debug|x64.ActiveCfg = Debug|x64
		{1AC8B574-D898-4E31-9908-CE5702B3B93E}.Debug|x64.Build.0 = Debug|x64
		{1AC8B574-D898-4E31-9908-CE5702B3B93E}.Debug|x86.ActiveCfg = Debug|Win32
		{1AC8B574-D898-4E31-9908-CE5702B3B93E}.Debug|x86.Build.0 = Debug|Win32
		{1AC8B574-D898-4E31-9908-CE5702B3B93E}.Release|Any CPU.ActiveCfg = Release|Win32
		{1AC8B574-D898-4E31-9908-CE5702B3B93E}.Release|x64.ActiveCfg = Release|x64
		{1AC8B574-D898-4E31-9908-CE5702B3B93E}.Release|x64.Build.0 = Release|x64
		{1AC8B574-D898-4E31-9908-CE5702B3B93E}.Release|x86.ActiveCfg = Release|Win32
		{1AC8B574-D898-4E31-9908-CE5702B3B93E}.Release|x86.Build.0 = Release|Win32
		{2EB7A398-06FD-43DE-AD15-8E47E4001742}.Debug|Any CPU.ActiveCfg = Debug|Any CPU
		{2EB7A398-06FD-43DE-AD15-8E47E4001742}.Debug|Any CPU.Build.0 = Debug|Any CPU
		{2EB7A398-06FD-43DE-AD15-8E47E4001742}.Debug|x64.ActiveCfg = Debug|Any CPU
		{2EB7A398-06FD-43DE-AD15-8E47E4001742}.Debug|x64.Build.0 = Debug|Any CPU
		{2EB7A398-06FD-43DE-AD15-8E47E4001742}.Debug|x86.ActiveCfg = Debug|Any CPU
		{2EB7A398-06FD-43DE-AD15-8E47E4001742}.Debug|x86.Build.0 = Debug|Any CPU
		{2EB7A398-06FD-43DE-AD15-8E47E4001742}.Release|Any CPU.ActiveCfg = Release|Any CPU
		{2EB7A398-06FD-43DE-AD15-8E47E4001742}.Release|Any CPU.Build.0 = Release|Any CPU
		{2EB7A398-06FD-43DE-AD15-8E47E4001742}.Release|x64.ActiveCfg = Release|Any CPU
		{2EB7A398-06FD-43DE-AD15-8E47E4001742}.Release|x64.Build.0 = Release|Any CPU
		{2EB7A398-06FD-43DE-AD15-8E47E4001742}.Release|x86.ActiveCfg = Release|Any CPU
		{2EB7A398-06FD-43DE-AD15-8E47E4001742}.Release|x86.Build.0 = Release|Any CPU
	EndGlobalSection
	GlobalSection(SolutionProperties) = preSolution
		HideSolutionNode = FALSE
	EndGlobalSection
EndGlobal
